// !$*UTF8*$!
{
	archiveVersion = 1;
	classes = {
	};
	objectVersion = 48;
	objects = {

/* Begin PBXBuildFile section */
		8EAE9B8D20265218004AF0D8 /* AppDelegate.swift in Sources */ = {isa = PBXBuildFile; fileRef = 8EAE9B8C20265218004AF0D8 /* AppDelegate.swift */; };
		8EAE9B8F20265218004AF0D8 /* ViewController.swift in Sources */ = {isa = PBXBuildFile; fileRef = 8EAE9B8E20265218004AF0D8 /* ViewController.swift */; };
		8EAE9B9220265218004AF0D8 /* Main.storyboard in Resources */ = {isa = PBXBuildFile; fileRef = 8EAE9B9020265218004AF0D8 /* Main.storyboard */; };
		8EAE9B9420265218004AF0D8 /* Assets.xcassets in Resources */ = {isa = PBXBuildFile; fileRef = 8EAE9B9320265218004AF0D8 /* Assets.xcassets */; };
		8EAE9B9720265218004AF0D8 /* LaunchScreen.storyboard in Resources */ = {isa = PBXBuildFile; fileRef = 8EAE9B9520265218004AF0D8 /* LaunchScreen.storyboard */; };
<<<<<<< HEAD
		8EAE9B9F2026C5EA004AF0D8 /* CardioPickerVC.swift in Sources */ = {isa = PBXBuildFile; fileRef = 8EAE9B9E2026C5EA004AF0D8 /* CardioPickerVC.swift */; };
		8EAE9BA12026C65A004AF0D8 /* WeightsPickerVC.swift in Sources */ = {isa = PBXBuildFile; fileRef = 8EAE9BA02026C65A004AF0D8 /* WeightsPickerVC.swift */; };
=======
		94613BB320266C12002DDCA8 /* FitnessViewController.swift in Sources */ = {isa = PBXBuildFile; fileRef = 94613BB220266C12002DDCA8 /* FitnessViewController.swift */; };
>>>>>>> 8041a5a981ee0b18f444f1f45a2aa0d94de0a347
/* End PBXBuildFile section */

/* Begin PBXFileReference section */
		8EAE9B8920265218004AF0D8 /* Virtual Trainer.app */ = {isa = PBXFileReference; explicitFileType = wrapper.application; includeInIndex = 0; path = "Virtual Trainer.app"; sourceTree = BUILT_PRODUCTS_DIR; };
		8EAE9B8C20265218004AF0D8 /* AppDelegate.swift */ = {isa = PBXFileReference; lastKnownFileType = sourcecode.swift; path = AppDelegate.swift; sourceTree = "<group>"; };
		8EAE9B8E20265218004AF0D8 /* ViewController.swift */ = {isa = PBXFileReference; lastKnownFileType = sourcecode.swift; path = ViewController.swift; sourceTree = "<group>"; };
		8EAE9B9120265218004AF0D8 /* Base */ = {isa = PBXFileReference; lastKnownFileType = file.storyboard; name = Base; path = Base.lproj/Main.storyboard; sourceTree = "<group>"; };
		8EAE9B9320265218004AF0D8 /* Assets.xcassets */ = {isa = PBXFileReference; lastKnownFileType = folder.assetcatalog; path = Assets.xcassets; sourceTree = "<group>"; };
		8EAE9B9620265218004AF0D8 /* Base */ = {isa = PBXFileReference; lastKnownFileType = file.storyboard; name = Base; path = Base.lproj/LaunchScreen.storyboard; sourceTree = "<group>"; };
		8EAE9B9820265218004AF0D8 /* Info.plist */ = {isa = PBXFileReference; lastKnownFileType = text.plist.xml; path = Info.plist; sourceTree = "<group>"; };
<<<<<<< HEAD
		8EAE9B9E2026C5EA004AF0D8 /* CardioPickerVC.swift */ = {isa = PBXFileReference; lastKnownFileType = sourcecode.swift; path = CardioPickerVC.swift; sourceTree = "<group>"; };
		8EAE9BA02026C65A004AF0D8 /* WeightsPickerVC.swift */ = {isa = PBXFileReference; lastKnownFileType = sourcecode.swift; path = WeightsPickerVC.swift; sourceTree = "<group>"; };
=======
		94613BB220266C12002DDCA8 /* FitnessViewController.swift */ = {isa = PBXFileReference; lastKnownFileType = sourcecode.swift; path = FitnessViewController.swift; sourceTree = "<group>"; };
>>>>>>> 8041a5a981ee0b18f444f1f45a2aa0d94de0a347
/* End PBXFileReference section */

/* Begin PBXFrameworksBuildPhase section */
		8EAE9B8620265218004AF0D8 /* Frameworks */ = {
			isa = PBXFrameworksBuildPhase;
			buildActionMask = 2147483647;
			files = (
			);
			runOnlyForDeploymentPostprocessing = 0;
		};
/* End PBXFrameworksBuildPhase section */

/* Begin PBXGroup section */
		8EAE9B8020265218004AF0D8 = {
			isa = PBXGroup;
			children = (
				8EAE9B8B20265218004AF0D8 /* Virtual Trainer */,
				8EAE9B8A20265218004AF0D8 /* Products */,
			);
			sourceTree = "<group>";
		};
		8EAE9B8A20265218004AF0D8 /* Products */ = {
			isa = PBXGroup;
			children = (
				8EAE9B8920265218004AF0D8 /* Virtual Trainer.app */,
			);
			name = Products;
			sourceTree = "<group>";
		};
		8EAE9B8B20265218004AF0D8 /* Virtual Trainer */ = {
			isa = PBXGroup;
			children = (
				8EAE9B8C20265218004AF0D8 /* AppDelegate.swift */,
				8EAE9B8E20265218004AF0D8 /* ViewController.swift */,
				8EAE9B9020265218004AF0D8 /* Main.storyboard */,
				94613BB220266C12002DDCA8 /* FitnessViewController.swift */,
				8EAE9B9320265218004AF0D8 /* Assets.xcassets */,
				8EAE9B9520265218004AF0D8 /* LaunchScreen.storyboard */,
				8EAE9B9820265218004AF0D8 /* Info.plist */,
				8EAE9B9E2026C5EA004AF0D8 /* CardioPickerVC.swift */,
				8EAE9BA02026C65A004AF0D8 /* WeightsPickerVC.swift */,
			);
			path = "Virtual Trainer";
			sourceTree = "<group>";
		};
/* End PBXGroup section */

/* Begin PBXNativeTarget section */
		8EAE9B8820265218004AF0D8 /* Virtual Trainer */ = {
			isa = PBXNativeTarget;
			buildConfigurationList = 8EAE9B9B20265218004AF0D8 /* Build configuration list for PBXNativeTarget "Virtual Trainer" */;
			buildPhases = (
				8EAE9B8520265218004AF0D8 /* Sources */,
				8EAE9B8620265218004AF0D8 /* Frameworks */,
				8EAE9B8720265218004AF0D8 /* Resources */,
			);
			buildRules = (
			);
			dependencies = (
			);
			name = "Virtual Trainer";
			productName = "Virtual Trainer";
			productReference = 8EAE9B8920265218004AF0D8 /* Virtual Trainer.app */;
			productType = "com.apple.product-type.application";
		};
/* End PBXNativeTarget section */

/* Begin PBXProject section */
		8EAE9B8120265218004AF0D8 /* Project object */ = {
			isa = PBXProject;
			attributes = {
				LastSwiftUpdateCheck = 0920;
				LastUpgradeCheck = 0920;
				ORGANIZATIONNAME = "Farbod Rafezy";
				TargetAttributes = {
					8EAE9B8820265218004AF0D8 = {
						CreatedOnToolsVersion = 9.2;
						ProvisioningStyle = Automatic;
					};
				};
			};
			buildConfigurationList = 8EAE9B8420265218004AF0D8 /* Build configuration list for PBXProject "Virtual Trainer" */;
			compatibilityVersion = "Xcode 8.0";
			developmentRegion = en;
			hasScannedForEncodings = 0;
			knownRegions = (
				en,
				Base,
			);
			mainGroup = 8EAE9B8020265218004AF0D8;
			productRefGroup = 8EAE9B8A20265218004AF0D8 /* Products */;
			projectDirPath = "";
			projectRoot = "";
			targets = (
				8EAE9B8820265218004AF0D8 /* Virtual Trainer */,
			);
		};
/* End PBXProject section */

/* Begin PBXResourcesBuildPhase section */
		8EAE9B8720265218004AF0D8 /* Resources */ = {
			isa = PBXResourcesBuildPhase;
			buildActionMask = 2147483647;
			files = (
				8EAE9B9720265218004AF0D8 /* LaunchScreen.storyboard in Resources */,
				8EAE9B9420265218004AF0D8 /* Assets.xcassets in Resources */,
				8EAE9B9220265218004AF0D8 /* Main.storyboard in Resources */,
			);
			runOnlyForDeploymentPostprocessing = 0;
		};
/* End PBXResourcesBuildPhase section */

/* Begin PBXSourcesBuildPhase section */
		8EAE9B8520265218004AF0D8 /* Sources */ = {
			isa = PBXSourcesBuildPhase;
			buildActionMask = 2147483647;
			files = (
				8EAE9B8F20265218004AF0D8 /* ViewController.swift in Sources */,
<<<<<<< HEAD
				8EAE9B9F2026C5EA004AF0D8 /* CardioPickerVC.swift in Sources */,
				8EAE9BA12026C65A004AF0D8 /* WeightsPickerVC.swift in Sources */,
=======
				94613BB320266C12002DDCA8 /* FitnessViewController.swift in Sources */,
>>>>>>> 8041a5a981ee0b18f444f1f45a2aa0d94de0a347
				8EAE9B8D20265218004AF0D8 /* AppDelegate.swift in Sources */,
			);
			runOnlyForDeploymentPostprocessing = 0;
		};
/* End PBXSourcesBuildPhase section */

/* Begin PBXVariantGroup section */
		8EAE9B9020265218004AF0D8 /* Main.storyboard */ = {
			isa = PBXVariantGroup;
			children = (
				8EAE9B9120265218004AF0D8 /* Base */,
			);
			name = Main.storyboard;
			sourceTree = "<group>";
		};
		8EAE9B9520265218004AF0D8 /* LaunchScreen.storyboard */ = {
			isa = PBXVariantGroup;
			children = (
				8EAE9B9620265218004AF0D8 /* Base */,
			);
			name = LaunchScreen.storyboard;
			sourceTree = "<group>";
		};
/* End PBXVariantGroup section */

/* Begin XCBuildConfiguration section */
		8EAE9B9920265218004AF0D8 /* Debug */ = {
			isa = XCBuildConfiguration;
			buildSettings = {
				ALWAYS_SEARCH_USER_PATHS = NO;
				CLANG_ANALYZER_NONNULL = YES;
				CLANG_ANALYZER_NUMBER_OBJECT_CONVERSION = YES_AGGRESSIVE;
				CLANG_CXX_LANGUAGE_STANDARD = "gnu++14";
				CLANG_CXX_LIBRARY = "libc++";
				CLANG_ENABLE_MODULES = YES;
				CLANG_ENABLE_OBJC_ARC = YES;
				CLANG_WARN_BLOCK_CAPTURE_AUTORELEASING = YES;
				CLANG_WARN_BOOL_CONVERSION = YES;
				CLANG_WARN_COMMA = YES;
				CLANG_WARN_CONSTANT_CONVERSION = YES;
				CLANG_WARN_DIRECT_OBJC_ISA_USAGE = YES_ERROR;
				CLANG_WARN_DOCUMENTATION_COMMENTS = YES;
				CLANG_WARN_EMPTY_BODY = YES;
				CLANG_WARN_ENUM_CONVERSION = YES;
				CLANG_WARN_INFINITE_RECURSION = YES;
				CLANG_WARN_INT_CONVERSION = YES;
				CLANG_WARN_NON_LITERAL_NULL_CONVERSION = YES;
				CLANG_WARN_OBJC_LITERAL_CONVERSION = YES;
				CLANG_WARN_OBJC_ROOT_CLASS = YES_ERROR;
				CLANG_WARN_RANGE_LOOP_ANALYSIS = YES;
				CLANG_WARN_STRICT_PROTOTYPES = YES;
				CLANG_WARN_SUSPICIOUS_MOVE = YES;
				CLANG_WARN_UNGUARDED_AVAILABILITY = YES_AGGRESSIVE;
				CLANG_WARN_UNREACHABLE_CODE = YES;
				CLANG_WARN__DUPLICATE_METHOD_MATCH = YES;
				CODE_SIGN_IDENTITY = "iPhone Developer";
				COPY_PHASE_STRIP = NO;
				DEBUG_INFORMATION_FORMAT = dwarf;
				ENABLE_STRICT_OBJC_MSGSEND = YES;
				ENABLE_TESTABILITY = YES;
				GCC_C_LANGUAGE_STANDARD = gnu11;
				GCC_DYNAMIC_NO_PIC = NO;
				GCC_NO_COMMON_BLOCKS = YES;
				GCC_OPTIMIZATION_LEVEL = 0;
				GCC_PREPROCESSOR_DEFINITIONS = (
					"DEBUG=1",
					"$(inherited)",
				);
				GCC_WARN_64_TO_32_BIT_CONVERSION = YES;
				GCC_WARN_ABOUT_RETURN_TYPE = YES_ERROR;
				GCC_WARN_UNDECLARED_SELECTOR = YES;
				GCC_WARN_UNINITIALIZED_AUTOS = YES_AGGRESSIVE;
				GCC_WARN_UNUSED_FUNCTION = YES;
				GCC_WARN_UNUSED_VARIABLE = YES;
				IPHONEOS_DEPLOYMENT_TARGET = 11.2;
				MTL_ENABLE_DEBUG_INFO = YES;
				ONLY_ACTIVE_ARCH = YES;
				SDKROOT = iphoneos;
				SWIFT_ACTIVE_COMPILATION_CONDITIONS = DEBUG;
				SWIFT_OPTIMIZATION_LEVEL = "-Onone";
			};
			name = Debug;
		};
		8EAE9B9A20265218004AF0D8 /* Release */ = {
			isa = XCBuildConfiguration;
			buildSettings = {
				ALWAYS_SEARCH_USER_PATHS = NO;
				CLANG_ANALYZER_NONNULL = YES;
				CLANG_ANALYZER_NUMBER_OBJECT_CONVERSION = YES_AGGRESSIVE;
				CLANG_CXX_LANGUAGE_STANDARD = "gnu++14";
				CLANG_CXX_LIBRARY = "libc++";
				CLANG_ENABLE_MODULES = YES;
				CLANG_ENABLE_OBJC_ARC = YES;
				CLANG_WARN_BLOCK_CAPTURE_AUTORELEASING = YES;
				CLANG_WARN_BOOL_CONVERSION = YES;
				CLANG_WARN_COMMA = YES;
				CLANG_WARN_CONSTANT_CONVERSION = YES;
				CLANG_WARN_DIRECT_OBJC_ISA_USAGE = YES_ERROR;
				CLANG_WARN_DOCUMENTATION_COMMENTS = YES;
				CLANG_WARN_EMPTY_BODY = YES;
				CLANG_WARN_ENUM_CONVERSION = YES;
				CLANG_WARN_INFINITE_RECURSION = YES;
				CLANG_WARN_INT_CONVERSION = YES;
				CLANG_WARN_NON_LITERAL_NULL_CONVERSION = YES;
				CLANG_WARN_OBJC_LITERAL_CONVERSION = YES;
				CLANG_WARN_OBJC_ROOT_CLASS = YES_ERROR;
				CLANG_WARN_RANGE_LOOP_ANALYSIS = YES;
				CLANG_WARN_STRICT_PROTOTYPES = YES;
				CLANG_WARN_SUSPICIOUS_MOVE = YES;
				CLANG_WARN_UNGUARDED_AVAILABILITY = YES_AGGRESSIVE;
				CLANG_WARN_UNREACHABLE_CODE = YES;
				CLANG_WARN__DUPLICATE_METHOD_MATCH = YES;
				CODE_SIGN_IDENTITY = "iPhone Developer";
				COPY_PHASE_STRIP = NO;
				DEBUG_INFORMATION_FORMAT = "dwarf-with-dsym";
				ENABLE_NS_ASSERTIONS = NO;
				ENABLE_STRICT_OBJC_MSGSEND = YES;
				GCC_C_LANGUAGE_STANDARD = gnu11;
				GCC_NO_COMMON_BLOCKS = YES;
				GCC_WARN_64_TO_32_BIT_CONVERSION = YES;
				GCC_WARN_ABOUT_RETURN_TYPE = YES_ERROR;
				GCC_WARN_UNDECLARED_SELECTOR = YES;
				GCC_WARN_UNINITIALIZED_AUTOS = YES_AGGRESSIVE;
				GCC_WARN_UNUSED_FUNCTION = YES;
				GCC_WARN_UNUSED_VARIABLE = YES;
				IPHONEOS_DEPLOYMENT_TARGET = 11.2;
				MTL_ENABLE_DEBUG_INFO = NO;
				SDKROOT = iphoneos;
				SWIFT_OPTIMIZATION_LEVEL = "-Owholemodule";
				VALIDATE_PRODUCT = YES;
			};
			name = Release;
		};
		8EAE9B9C20265218004AF0D8 /* Debug */ = {
			isa = XCBuildConfiguration;
			buildSettings = {
				ASSETCATALOG_COMPILER_APPICON_NAME = AppIcon;
				CODE_SIGN_STYLE = Automatic;
				DEVELOPMENT_TEAM = 2DYNL8A66H;
				INFOPLIST_FILE = "Virtual Trainer/Info.plist";
				LD_RUNPATH_SEARCH_PATHS = "$(inherited) @executable_path/Frameworks";
				PRODUCT_BUNDLE_IDENTIFIER = "com.farbodrafezy.Virtual-Trainer";
				PRODUCT_NAME = "$(TARGET_NAME)";
				SWIFT_VERSION = 4.0;
				TARGETED_DEVICE_FAMILY = "1,2";
			};
			name = Debug;
		};
		8EAE9B9D20265218004AF0D8 /* Release */ = {
			isa = XCBuildConfiguration;
			buildSettings = {
				ASSETCATALOG_COMPILER_APPICON_NAME = AppIcon;
				CODE_SIGN_STYLE = Automatic;
				DEVELOPMENT_TEAM = 2DYNL8A66H;
				INFOPLIST_FILE = "Virtual Trainer/Info.plist";
				LD_RUNPATH_SEARCH_PATHS = "$(inherited) @executable_path/Frameworks";
				PRODUCT_BUNDLE_IDENTIFIER = "com.farbodrafezy.Virtual-Trainer";
				PRODUCT_NAME = "$(TARGET_NAME)";
				SWIFT_VERSION = 4.0;
				TARGETED_DEVICE_FAMILY = "1,2";
			};
			name = Release;
		};
/* End XCBuildConfiguration section */

/* Begin XCConfigurationList section */
		8EAE9B8420265218004AF0D8 /* Build configuration list for PBXProject "Virtual Trainer" */ = {
			isa = XCConfigurationList;
			buildConfigurations = (
				8EAE9B9920265218004AF0D8 /* Debug */,
				8EAE9B9A20265218004AF0D8 /* Release */,
			);
			defaultConfigurationIsVisible = 0;
			defaultConfigurationName = Release;
		};
		8EAE9B9B20265218004AF0D8 /* Build configuration list for PBXNativeTarget "Virtual Trainer" */ = {
			isa = XCConfigurationList;
			buildConfigurations = (
				8EAE9B9C20265218004AF0D8 /* Debug */,
				8EAE9B9D20265218004AF0D8 /* Release */,
			);
			defaultConfigurationIsVisible = 0;
			defaultConfigurationName = Release;
		};
/* End XCConfigurationList section */
	};
	rootObject = 8EAE9B8120265218004AF0D8 /* Project object */;
}
